
Microsoft Visual Studio Solution File, Format Version 12.00
# Visual Studio Version 17
VisualStudioVersion = 17.0.31903.59
MinimumVisualStudioVersion = 10.0.40219.1
Project("{FAE04EC0-301F-11D3-BF4B-00C04F79EFBC}") = "Day01", "Day01\Day01.csproj", "{D384370A-532E-48B0-B6AC-6EEC910F2A89}"
EndProject
Project("{FAE04EC0-301F-11D3-BF4B-00C04F79EFBC}") = "Day02", "Day02\Day02.csproj", "{898A6FF4-1779-4C31-9512-D2606102FB0D}"
EndProject
Project("{FAE04EC0-301F-11D3-BF4B-00C04F79EFBC}") = "Day03", "Day03\Day03.csproj", "{26155F7B-2EEC-422B-BAF6-09E1013B3BCB}"
EndProject
Project("{FAE04EC0-301F-11D3-BF4B-00C04F79EFBC}") = "Day04", "Day04\Day04.csproj", "{D8C4783A-CDDD-4437-B58F-1E6DCA9C67B2}"
EndProject
Project("{FAE04EC0-301F-11D3-BF4B-00C04F79EFBC}") = "Day05", "Day05\Day05.csproj", "{B2DC4F8A-4F61-4AD9-8C94-770A1298FE8D}"
EndProject
Project("{FAE04EC0-301F-11D3-BF4B-00C04F79EFBC}") = "Day06", "Day06\Day06.csproj", "{33409E93-632F-4CDC-B5B2-4554171B886A}"
EndProject
Project("{FAE04EC0-301F-11D3-BF4B-00C04F79EFBC}") = "Day07", "Day07\Day07.csproj", "{0C93DEEC-A2C8-461C-842C-C81EE19B1CAA}"
EndProject
Global
	GlobalSection(SolutionConfigurationPlatforms) = preSolution
		Debug|Any CPU = Debug|Any CPU
		Release|Any CPU = Release|Any CPU
	EndGlobalSection
	GlobalSection(SolutionProperties) = preSolution
		HideSolutionNode = FALSE
	EndGlobalSection
	GlobalSection(ProjectConfigurationPlatforms) = postSolution
		{D384370A-532E-48B0-B6AC-6EEC910F2A89}.Debug|Any CPU.ActiveCfg = Debug|Any CPU
		{D384370A-532E-48B0-B6AC-6EEC910F2A89}.Debug|Any CPU.Build.0 = Debug|Any CPU
		{D384370A-532E-48B0-B6AC-6EEC910F2A89}.Release|Any CPU.ActiveCfg = Release|Any CPU
		{D384370A-532E-48B0-B6AC-6EEC910F2A89}.Release|Any CPU.Build.0 = Release|Any CPU
		{898A6FF4-1779-4C31-9512-D2606102FB0D}.Debug|Any CPU.ActiveCfg = Debug|Any CPU
		{898A6FF4-1779-4C31-9512-D2606102FB0D}.Debug|Any CPU.Build.0 = Debug|Any CPU
		{898A6FF4-1779-4C31-9512-D2606102FB0D}.Release|Any CPU.ActiveCfg = Release|Any CPU
		{898A6FF4-1779-4C31-9512-D2606102FB0D}.Release|Any CPU.Build.0 = Release|Any CPU
		{26155F7B-2EEC-422B-BAF6-09E1013B3BCB}.Debug|Any CPU.ActiveCfg = Debug|Any CPU
		{26155F7B-2EEC-422B-BAF6-09E1013B3BCB}.Debug|Any CPU.Build.0 = Debug|Any CPU
		{26155F7B-2EEC-422B-BAF6-09E1013B3BCB}.Release|Any CPU.ActiveCfg = Release|Any CPU
		{26155F7B-2EEC-422B-BAF6-09E1013B3BCB}.Release|Any CPU.Build.0 = Release|Any CPU
		{D8C4783A-CDDD-4437-B58F-1E6DCA9C67B2}.Debug|Any CPU.ActiveCfg = Debug|Any CPU
		{D8C4783A-CDDD-4437-B58F-1E6DCA9C67B2}.Debug|Any CPU.Build.0 = Debug|Any CPU
		{D8C4783A-CDDD-4437-B58F-1E6DCA9C67B2}.Release|Any CPU.ActiveCfg = Release|Any CPU
		{D8C4783A-CDDD-4437-B58F-1E6DCA9C67B2}.Release|Any CPU.Build.0 = Release|Any CPU
		{B2DC4F8A-4F61-4AD9-8C94-770A1298FE8D}.Debug|Any CPU.ActiveCfg = Debug|Any CPU
		{B2DC4F8A-4F61-4AD9-8C94-770A1298FE8D}.Debug|Any CPU.Build.0 = Debug|Any CPU
		{B2DC4F8A-4F61-4AD9-8C94-770A1298FE8D}.Release|Any CPU.ActiveCfg = Release|Any CPU
		{B2DC4F8A-4F61-4AD9-8C94-770A1298FE8D}.Release|Any CPU.Build.0 = Release|Any CPU
		{33409E93-632F-4CDC-B5B2-4554171B886A}.Debug|Any CPU.ActiveCfg = Debug|Any CPU
		{33409E93-632F-4CDC-B5B2-4554171B886A}.Debug|Any CPU.Build.0 = Debug|Any CPU
		{33409E93-632F-4CDC-B5B2-4554171B886A}.Release|Any CPU.ActiveCfg = Release|Any CPU
		{33409E93-632F-4CDC-B5B2-4554171B886A}.Release|Any CPU.Build.0 = Release|Any CPU
		{0C93DEEC-A2C8-461C-842C-C81EE19B1CAA}.Debug|Any CPU.ActiveCfg = Debug|Any CPU
		{0C93DEEC-A2C8-461C-842C-C81EE19B1CAA}.Debug|Any CPU.Build.0 = Debug|Any CPU
		{0C93DEEC-A2C8-461C-842C-C81EE19B1CAA}.Release|Any CPU.ActiveCfg = Release|Any CPU
		{0C93DEEC-A2C8-461C-842C-C81EE19B1CAA}.Release|Any CPU.Build.0 = Release|Any CPU
	EndGlobalSection
EndGlobal
