
Microsoft Visual Studio Solution File, Format Version 12.00
# Visual Studio Version 17
VisualStudioVersion = 17.0.31903.59
MinimumVisualStudioVersion = 10.0.40219.1
Project("{FAE04EC0-301F-11D3-BF4B-00C04F79EFBC}") = "Day01", "Day01\Day01.csproj", "{36A399E2-72A7-4D1A-A58F-49DA9D18F5AC}"
EndProject
Project("{FAE04EC0-301F-11D3-BF4B-00C04F79EFBC}") = "Day02", "Day02\Day02.csproj", "{4E89373D-F398-4129-9FA4-E149891E34CB}"
EndProject
Project("{FAE04EC0-301F-11D3-BF4B-00C04F79EFBC}") = "Day03", "Day03\Day03.csproj", "{20385718-F06D-4FCE-BD4B-DD1C054CD798}"
EndProject
Project("{FAE04EC0-301F-11D3-BF4B-00C04F79EFBC}") = "Day04", "Day04\Day04.csproj", "{A9139606-C580-4155-9D1E-269A19950061}"
EndProject
Project("{FAE04EC0-301F-11D3-BF4B-00C04F79EFBC}") = "Day05", "Day05\Day05.csproj", "{CB35DDD2-F1A5-43EB-B14C-1C6034C3D90D}"
EndProject
Project("{FAE04EC0-301F-11D3-BF4B-00C04F79EFBC}") = "Day06", "Day06\Day06.csproj", "{26734E47-AFF4-4C2A-8AFC-A384D40A0860}"
EndProject
Global
	GlobalSection(SolutionConfigurationPlatforms) = preSolution
		Debug|Any CPU = Debug|Any CPU
		Release|Any CPU = Release|Any CPU
	EndGlobalSection
	GlobalSection(SolutionProperties) = preSolution
		HideSolutionNode = FALSE
	EndGlobalSection
	GlobalSection(ProjectConfigurationPlatforms) = postSolution
		{36A399E2-72A7-4D1A-A58F-49DA9D18F5AC}.Debug|Any CPU.ActiveCfg = Debug|Any CPU
		{36A399E2-72A7-4D1A-A58F-49DA9D18F5AC}.Debug|Any CPU.Build.0 = Debug|Any CPU
		{36A399E2-72A7-4D1A-A58F-49DA9D18F5AC}.Release|Any CPU.ActiveCfg = Release|Any CPU
		{36A399E2-72A7-4D1A-A58F-49DA9D18F5AC}.Release|Any CPU.Build.0 = Release|Any CPU
		{4E89373D-F398-4129-9FA4-E149891E34CB}.Debug|Any CPU.ActiveCfg = Debug|Any CPU
		{4E89373D-F398-4129-9FA4-E149891E34CB}.Debug|Any CPU.Build.0 = Debug|Any CPU
		{4E89373D-F398-4129-9FA4-E149891E34CB}.Release|Any CPU.ActiveCfg = Release|Any CPU
		{4E89373D-F398-4129-9FA4-E149891E34CB}.Release|Any CPU.Build.0 = Release|Any CPU
		{20385718-F06D-4FCE-BD4B-DD1C054CD798}.Debug|Any CPU.ActiveCfg = Debug|Any CPU
		{20385718-F06D-4FCE-BD4B-DD1C054CD798}.Debug|Any CPU.Build.0 = Debug|Any CPU
		{20385718-F06D-4FCE-BD4B-DD1C054CD798}.Release|Any CPU.ActiveCfg = Release|Any CPU
		{20385718-F06D-4FCE-BD4B-DD1C054CD798}.Release|Any CPU.Build.0 = Release|Any CPU
		{A9139606-C580-4155-9D1E-269A19950061}.Debug|Any CPU.ActiveCfg = Debug|Any CPU
		{A9139606-C580-4155-9D1E-269A19950061}.Debug|Any CPU.Build.0 = Debug|Any CPU
		{A9139606-C580-4155-9D1E-269A19950061}.Release|Any CPU.ActiveCfg = Release|Any CPU
		{A9139606-C580-4155-9D1E-269A19950061}.Release|Any CPU.Build.0 = Release|Any CPU
		{CB35DDD2-F1A5-43EB-B14C-1C6034C3D90D}.Debug|Any CPU.ActiveCfg = Debug|Any CPU
		{CB35DDD2-F1A5-43EB-B14C-1C6034C3D90D}.Debug|Any CPU.Build.0 = Debug|Any CPU
		{CB35DDD2-F1A5-43EB-B14C-1C6034C3D90D}.Release|Any CPU.ActiveCfg = Release|Any CPU
		{CB35DDD2-F1A5-43EB-B14C-1C6034C3D90D}.Release|Any CPU.Build.0 = Release|Any CPU
		{26734E47-AFF4-4C2A-8AFC-A384D40A0860}.Debug|Any CPU.ActiveCfg = Debug|Any CPU
		{26734E47-AFF4-4C2A-8AFC-A384D40A0860}.Debug|Any CPU.Build.0 = Debug|Any CPU
		{26734E47-AFF4-4C2A-8AFC-A384D40A0860}.Release|Any CPU.ActiveCfg = Release|Any CPU
		{26734E47-AFF4-4C2A-8AFC-A384D40A0860}.Release|Any CPU.Build.0 = Release|Any CPU
	EndGlobalSection
EndGlobal
