
Microsoft Visual Studio Solution File, Format Version 12.00
# Visual Studio Version 17
VisualStudioVersion = 17.0.31903.59
MinimumVisualStudioVersion = 10.0.40219.1
Project("{FAE04EC0-301F-11D3-BF4B-00C04F79EFBC}") = "1", "1\1.csproj", "{776BD880-5F73-4445-86A8-5574CCB1D75A}"
EndProject
Project("{FAE04EC0-301F-11D3-BF4B-00C04F79EFBC}") = "2", "2\2.csproj", "{F4D6B81D-DFEA-433E-B0A7-3D7F6913E558}"
EndProject
Project("{FAE04EC0-301F-11D3-BF4B-00C04F79EFBC}") = "3", "3\3.csproj", "{124D90C3-6482-45FF-AF98-2437805C708C}"
EndProject
Project("{FAE04EC0-301F-11D3-BF4B-00C04F79EFBC}") = "4", "4\4.csproj", "{00DDDD14-C060-4BF1-8DEB-EFC52FA95393}"
EndProject
Project("{FAE04EC0-301F-11D3-BF4B-00C04F79EFBC}") = "5", "5\5.csproj", "{A8F56EBE-AF82-4396-AEA3-2C3B5270A197}"
EndProject
Project("{FAE04EC0-301F-11D3-BF4B-00C04F79EFBC}") = "6", "6\6.csproj", "{612205A5-430E-42C2-82C3-3E90E14B02F6}"
EndProject
Project("{FAE04EC0-301F-11D3-BF4B-00C04F79EFBC}") = "7", "7\7.csproj", "{92BD074E-F0E8-4E7A-8962-DBAEB200F7D2}"
EndProject
Project("{FAE04EC0-301F-11D3-BF4B-00C04F79EFBC}") = "8", "8\8.csproj", "{E28F0021-F66D-41EB-9C80-24CAF950FBEB}"
EndProject
Project("{FAE04EC0-301F-11D3-BF4B-00C04F79EFBC}") = "9", "9\9.csproj", "{7A62278C-E132-4DE2-AE77-1CE8A5C4A703}"
EndProject
Project("{FAE04EC0-301F-11D3-BF4B-00C04F79EFBC}") = "10", "10\10.csproj", "{DBC78A67-249F-4CEB-A929-0E69B335FF81}"
EndProject
Project("{FAE04EC0-301F-11D3-BF4B-00C04F79EFBC}") = "11", "11\11.csproj", "{4C75637E-66EA-44A0-A92A-BEE696496230}"
EndProject
Project("{FAE04EC0-301F-11D3-BF4B-00C04F79EFBC}") = "12", "12\12.csproj", "{806160F0-7A2D-4987-9367-6CA2BB23F138}"
EndProject
Project("{FAE04EC0-301F-11D3-BF4B-00C04F79EFBC}") = "13", "13\13.csproj", "{190027F2-E367-4E68-B330-9891277941E4}"
EndProject
Project("{FAE04EC0-301F-11D3-BF4B-00C04F79EFBC}") = "14", "14\14.csproj", "{232D1C9B-A249-4EA9-8304-0782B2D56E6D}"
EndProject
Project("{FAE04EC0-301F-11D3-BF4B-00C04F79EFBC}") = "15", "15\15.csproj", "{3CC5F1DE-CFDE-4013-871F-20B4D45E7322}"
EndProject
Project("{FAE04EC0-301F-11D3-BF4B-00C04F79EFBC}") = "16", "16\16.csproj", "{9B5E8CB8-42DF-464D-B923-0C062B1C5EC6}"
EndProject
Project("{FAE04EC0-301F-11D3-BF4B-00C04F79EFBC}") = "17", "17\17.csproj", "{59BEC8B3-4FC6-42F3-BF90-86FF66CC1B4C}"
EndProject
Global
	GlobalSection(SolutionConfigurationPlatforms) = preSolution
		Debug|Any CPU = Debug|Any CPU
		Release|Any CPU = Release|Any CPU
	EndGlobalSection
	GlobalSection(SolutionProperties) = preSolution
		HideSolutionNode = FALSE
	EndGlobalSection
	GlobalSection(ProjectConfigurationPlatforms) = postSolution
		{776BD880-5F73-4445-86A8-5574CCB1D75A}.Debug|Any CPU.ActiveCfg = Debug|Any CPU
		{776BD880-5F73-4445-86A8-5574CCB1D75A}.Debug|Any CPU.Build.0 = Debug|Any CPU
		{776BD880-5F73-4445-86A8-5574CCB1D75A}.Release|Any CPU.ActiveCfg = Release|Any CPU
		{776BD880-5F73-4445-86A8-5574CCB1D75A}.Release|Any CPU.Build.0 = Release|Any CPU
		{F4D6B81D-DFEA-433E-B0A7-3D7F6913E558}.Debug|Any CPU.ActiveCfg = Debug|Any CPU
		{F4D6B81D-DFEA-433E-B0A7-3D7F6913E558}.Debug|Any CPU.Build.0 = Debug|Any CPU
		{F4D6B81D-DFEA-433E-B0A7-3D7F6913E558}.Release|Any CPU.ActiveCfg = Release|Any CPU
		{F4D6B81D-DFEA-433E-B0A7-3D7F6913E558}.Release|Any CPU.Build.0 = Release|Any CPU
		{124D90C3-6482-45FF-AF98-2437805C708C}.Debug|Any CPU.ActiveCfg = Debug|Any CPU
		{124D90C3-6482-45FF-AF98-2437805C708C}.Debug|Any CPU.Build.0 = Debug|Any CPU
		{124D90C3-6482-45FF-AF98-2437805C708C}.Release|Any CPU.ActiveCfg = Release|Any CPU
		{124D90C3-6482-45FF-AF98-2437805C708C}.Release|Any CPU.Build.0 = Release|Any CPU
		{00DDDD14-C060-4BF1-8DEB-EFC52FA95393}.Debug|Any CPU.ActiveCfg = Debug|Any CPU
		{00DDDD14-C060-4BF1-8DEB-EFC52FA95393}.Debug|Any CPU.Build.0 = Debug|Any CPU
		{00DDDD14-C060-4BF1-8DEB-EFC52FA95393}.Release|Any CPU.ActiveCfg = Release|Any CPU
		{00DDDD14-C060-4BF1-8DEB-EFC52FA95393}.Release|Any CPU.Build.0 = Release|Any CPU
		{A8F56EBE-AF82-4396-AEA3-2C3B5270A197}.Debug|Any CPU.ActiveCfg = Debug|Any CPU
		{A8F56EBE-AF82-4396-AEA3-2C3B5270A197}.Debug|Any CPU.Build.0 = Debug|Any CPU
		{A8F56EBE-AF82-4396-AEA3-2C3B5270A197}.Release|Any CPU.ActiveCfg = Release|Any CPU
		{A8F56EBE-AF82-4396-AEA3-2C3B5270A197}.Release|Any CPU.Build.0 = Release|Any CPU
		{612205A5-430E-42C2-82C3-3E90E14B02F6}.Debug|Any CPU.ActiveCfg = Debug|Any CPU
		{612205A5-430E-42C2-82C3-3E90E14B02F6}.Debug|Any CPU.Build.0 = Debug|Any CPU
		{612205A5-430E-42C2-82C3-3E90E14B02F6}.Release|Any CPU.ActiveCfg = Release|Any CPU
		{612205A5-430E-42C2-82C3-3E90E14B02F6}.Release|Any CPU.Build.0 = Release|Any CPU
		{92BD074E-F0E8-4E7A-8962-DBAEB200F7D2}.Debug|Any CPU.ActiveCfg = Debug|Any CPU
		{92BD074E-F0E8-4E7A-8962-DBAEB200F7D2}.Debug|Any CPU.Build.0 = Debug|Any CPU
		{92BD074E-F0E8-4E7A-8962-DBAEB200F7D2}.Release|Any CPU.ActiveCfg = Release|Any CPU
		{92BD074E-F0E8-4E7A-8962-DBAEB200F7D2}.Release|Any CPU.Build.0 = Release|Any CPU
		{E28F0021-F66D-41EB-9C80-24CAF950FBEB}.Debug|Any CPU.ActiveCfg = Debug|Any CPU
		{E28F0021-F66D-41EB-9C80-24CAF950FBEB}.Debug|Any CPU.Build.0 = Debug|Any CPU
		{E28F0021-F66D-41EB-9C80-24CAF950FBEB}.Release|Any CPU.ActiveCfg = Release|Any CPU
		{E28F0021-F66D-41EB-9C80-24CAF950FBEB}.Release|Any CPU.Build.0 = Release|Any CPU
		{7A62278C-E132-4DE2-AE77-1CE8A5C4A703}.Debug|Any CPU.ActiveCfg = Debug|Any CPU
		{7A62278C-E132-4DE2-AE77-1CE8A5C4A703}.Debug|Any CPU.Build.0 = Debug|Any CPU
		{7A62278C-E132-4DE2-AE77-1CE8A5C4A703}.Release|Any CPU.ActiveCfg = Release|Any CPU
		{7A62278C-E132-4DE2-AE77-1CE8A5C4A703}.Release|Any CPU.Build.0 = Release|Any CPU
		{DBC78A67-249F-4CEB-A929-0E69B335FF81}.Debug|Any CPU.ActiveCfg = Debug|Any CPU
		{DBC78A67-249F-4CEB-A929-0E69B335FF81}.Debug|Any CPU.Build.0 = Debug|Any CPU
		{DBC78A67-249F-4CEB-A929-0E69B335FF81}.Release|Any CPU.ActiveCfg = Release|Any CPU
		{DBC78A67-249F-4CEB-A929-0E69B335FF81}.Release|Any CPU.Build.0 = Release|Any CPU
		{4C75637E-66EA-44A0-A92A-BEE696496230}.Debug|Any CPU.ActiveCfg = Debug|Any CPU
		{4C75637E-66EA-44A0-A92A-BEE696496230}.Debug|Any CPU.Build.0 = Debug|Any CPU
		{4C75637E-66EA-44A0-A92A-BEE696496230}.Release|Any CPU.ActiveCfg = Release|Any CPU
		{4C75637E-66EA-44A0-A92A-BEE696496230}.Release|Any CPU.Build.0 = Release|Any CPU
		{806160F0-7A2D-4987-9367-6CA2BB23F138}.Debug|Any CPU.ActiveCfg = Debug|Any CPU
		{806160F0-7A2D-4987-9367-6CA2BB23F138}.Debug|Any CPU.Build.0 = Debug|Any CPU
		{806160F0-7A2D-4987-9367-6CA2BB23F138}.Release|Any CPU.ActiveCfg = Release|Any CPU
		{806160F0-7A2D-4987-9367-6CA2BB23F138}.Release|Any CPU.Build.0 = Release|Any CPU
		{190027F2-E367-4E68-B330-9891277941E4}.Debug|Any CPU.ActiveCfg = Debug|Any CPU
		{190027F2-E367-4E68-B330-9891277941E4}.Debug|Any CPU.Build.0 = Debug|Any CPU
		{190027F2-E367-4E68-B330-9891277941E4}.Release|Any CPU.ActiveCfg = Release|Any CPU
		{190027F2-E367-4E68-B330-9891277941E4}.Release|Any CPU.Build.0 = Release|Any CPU
		{232D1C9B-A249-4EA9-8304-0782B2D56E6D}.Debug|Any CPU.ActiveCfg = Debug|Any CPU
		{232D1C9B-A249-4EA9-8304-0782B2D56E6D}.Debug|Any CPU.Build.0 = Debug|Any CPU
		{232D1C9B-A249-4EA9-8304-0782B2D56E6D}.Release|Any CPU.ActiveCfg = Release|Any CPU
		{232D1C9B-A249-4EA9-8304-0782B2D56E6D}.Release|Any CPU.Build.0 = Release|Any CPU
		{3CC5F1DE-CFDE-4013-871F-20B4D45E7322}.Debug|Any CPU.ActiveCfg = Debug|Any CPU
		{3CC5F1DE-CFDE-4013-871F-20B4D45E7322}.Debug|Any CPU.Build.0 = Debug|Any CPU
		{3CC5F1DE-CFDE-4013-871F-20B4D45E7322}.Release|Any CPU.ActiveCfg = Release|Any CPU
		{3CC5F1DE-CFDE-4013-871F-20B4D45E7322}.Release|Any CPU.Build.0 = Release|Any CPU
		{9B5E8CB8-42DF-464D-B923-0C062B1C5EC6}.Debug|Any CPU.ActiveCfg = Debug|Any CPU
		{9B5E8CB8-42DF-464D-B923-0C062B1C5EC6}.Debug|Any CPU.Build.0 = Debug|Any CPU
		{9B5E8CB8-42DF-464D-B923-0C062B1C5EC6}.Release|Any CPU.ActiveCfg = Release|Any CPU
		{9B5E8CB8-42DF-464D-B923-0C062B1C5EC6}.Release|Any CPU.Build.0 = Release|Any CPU
		{59BEC8B3-4FC6-42F3-BF90-86FF66CC1B4C}.Debug|Any CPU.ActiveCfg = Debug|Any CPU
		{59BEC8B3-4FC6-42F3-BF90-86FF66CC1B4C}.Debug|Any CPU.Build.0 = Debug|Any CPU
		{59BEC8B3-4FC6-42F3-BF90-86FF66CC1B4C}.Release|Any CPU.ActiveCfg = Release|Any CPU
		{59BEC8B3-4FC6-42F3-BF90-86FF66CC1B4C}.Release|Any CPU.Build.0 = Release|Any CPU
	EndGlobalSection
EndGlobal
